
Microsoft Visual Studio Solution File, Format Version 12.00
# Visual Studio Version 16
VisualStudioVersion = 16.0.29519.181
MinimumVisualStudioVersion = 10.0.40219.1
Project("{9A19103F-16F7-4668-BE54-9A1E7A4F7556}") = "WillSoss.Jobs", "WillSoss.Jobs.csproj", "{5A0AA5F7-35E9-442B-ABF2-D0C3BFE03F36}"
EndProject
Global
	GlobalSection(SolutionConfigurationPlatforms) = preSolution
		Debug|Any CPU = Debug|Any CPU
		Release|Any CPU = Release|Any CPU
	EndGlobalSection
	GlobalSection(ProjectConfigurationPlatforms) = postSolution
		{5A0AA5F7-35E9-442B-ABF2-D0C3BFE03F36}.Debug|Any CPU.ActiveCfg = Debug|Any CPU
		{5A0AA5F7-35E9-442B-ABF2-D0C3BFE03F36}.Debug|Any CPU.Build.0 = Debug|Any CPU
		{5A0AA5F7-35E9-442B-ABF2-D0C3BFE03F36}.Release|Any CPU.ActiveCfg = Release|Any CPU
		{5A0AA5F7-35E9-442B-ABF2-D0C3BFE03F36}.Release|Any CPU.Build.0 = Release|Any CPU
	EndGlobalSection
	GlobalSection(SolutionProperties) = preSolution
		HideSolutionNode = FALSE
	EndGlobalSection
	GlobalSection(ExtensibilityGlobals) = postSolution
		SolutionGuid = {3409C576-B746-46A8-8175-832AF80FBE1E}
	EndGlobalSection
EndGlobal
